
Microsoft Visual Studio Solution File, Format Version 12.00
# Visual Studio Version 16
VisualStudioVersion = 16.0.29806.167
MinimumVisualStudioVersion = 10.0.40219.1
Project("{FAE04EC0-301F-11D3-BF4B-00C04F79EFBC}") = "FileSearch", "FileSearch.csproj", "{CDDFA872-8AE8-419C-9ECF-B10D33823D25}"
EndProject
Global
	GlobalSection(SolutionConfigurationPlatforms) = preSolution
		Debug|Any CPU = Debug|Any CPU
		Release|Any CPU = Release|Any CPU
	EndGlobalSection
	GlobalSection(ProjectConfigurationPlatforms) = postSolution
		{CDDFA872-8AE8-419C-9ECF-B10D33823D25}.Debug|Any CPU.ActiveCfg = Debug|Any CPU
		{CDDFA872-8AE8-419C-9ECF-B10D33823D25}.Debug|Any CPU.Build.0 = Debug|Any CPU
		{CDDFA872-8AE8-419C-9ECF-B10D33823D25}.Release|Any CPU.ActiveCfg = Release|Any CPU
		{CDDFA872-8AE8-419C-9ECF-B10D33823D25}.Release|Any CPU.Build.0 = Release|Any CPU
	EndGlobalSection
	GlobalSection(SolutionProperties) = preSolution
		HideSolutionNode = FALSE
	EndGlobalSection
	GlobalSection(ExtensibilityGlobals) = postSolution
		SolutionGuid = {0E0A98EF-7712-49AF-812B-D52F092CD90B}
	EndGlobalSection
EndGlobal
